Microsoft Visual Studio Solution File, Format Version 12.00
# Visual Studio Version 17
VisualStudioVersion = 17.5.2.0
MinimumVisualStudioVersion = 10.0.40219.1
Project("{FAE04EC0-301F-11D3-BF4B-00C04F79EFBC}") = "eShop.AppHost", "eShop.AppHost.csproj", "{D308D4D9-1258-27AF-40AA-7C796143423F}"
EndProject
Global
	GlobalSection(SolutionConfigurationPlatforms) = preSolution
		Debug|Any CPU = Debug|Any CPU
		Release|Any CPU = Release|Any CPU
	EndGlobalSection
	GlobalSection(ProjectConfigurationPlatforms) = postSolution
		{D308D4D9-1258-27AF-40AA-7C796143423F}.Debug|Any CPU.ActiveCfg = Debug|Any CPU
		{D308D4D9-1258-27AF-40AA-7C796143423F}.Debug|Any CPU.Build.0 = Debug|Any CPU
		{D308D4D9-1258-27AF-40AA-7C796143423F}.Release|Any CPU.ActiveCfg = Release|Any CPU
		{D308D4D9-1258-27AF-40AA-7C796143423F}.Release|Any CPU.Build.0 = Release|Any CPU
	EndGlobalSection
	GlobalSection(SolutionProperties) = preSolution
		HideSolutionNode = FALSE
	EndGlobalSection
	GlobalSection(ExtensibilityGlobals) = postSolution
		SolutionGuid = {ABE8228E-1E4A-4D6A-A8D6-D972C1C53B69}
	EndGlobalSection
EndGlobal
